
Microsoft Visual Studio Solution File, Format Version 12.00
# Visual Studio 15
VisualStudioVersion = 15.0.27703.2000
MinimumVisualStudioVersion = 10.0.40219.1
Project("{2150E333-8FDC-42A3-9474-1A3956D46DE8}") = "WebSite", "WebSite", "{9D00DC33-FF4A-4813-AA1A-EA161B8AA765}"
EndProject
Project("{FAE04EC0-301F-11D3-BF4B-00C04F79EFBC}") = "Web", "Web\Web.csproj", "{99F87191-18D8-4465-803E-76DDEDCE894A}"
EndProject
Global
	GlobalSection(SolutionConfigurationPlatforms) = preSolution
		Debug|Any CPU = Debug|Any CPU
		Release|Any CPU = Release|Any CPU
	EndGlobalSection
	GlobalSection(ProjectConfigurationPlatforms) = postSolution
		{99F87191-18D8-4465-803E-76DDEDCE894A}.Debug|Any CPU.ActiveCfg = Debug|Any CPU
		{99F87191-18D8-4465-803E-76DDEDCE894A}.Debug|Any CPU.Build.0 = Debug|Any CPU
		{99F87191-18D8-4465-803E-76DDEDCE894A}.Release|Any CPU.ActiveCfg = Release|Any CPU
		{99F87191-18D8-4465-803E-76DDEDCE894A}.Release|Any CPU.Build.0 = Release|Any CPU
	EndGlobalSection
	GlobalSection(SolutionProperties) = preSolution
		HideSolutionNode = FALSE
	EndGlobalSection
	GlobalSection(NestedProjects) = preSolution
		{99F87191-18D8-4465-803E-76DDEDCE894A} = {9D00DC33-FF4A-4813-AA1A-EA161B8AA765}
	EndGlobalSection
	GlobalSection(ExtensibilityGlobals) = postSolution
		SolutionGuid = {CEA37926-D4AC-4BB5-94AC-8A1D694C813B}
	EndGlobalSection
EndGlobal
